version = 1
revision = 1
requires-python = ">=3.13"

[[package]]
name = "playsound3"
version = "3.2.3"
source = { registry = "https://pypi.org/simple" }
dependencies = [
    { name = "pywin32", marker = "sys_platform == 'win32'" },
]
sdist = { url = "https://files.pythonhosted.org/packages/79/20/d9192ad8331fcf35fd1b184bef95bcedf3d50730b126692359848728ccbd/playsound3-3.2.3.tar.gz", hash = "sha256:248ca0c7690e95d06e04683b9c78cf94c227f7d85a7d2b3558b3fc033f5247a5", size = 606955 }
wheels = [
    { url = "https://files.pythonhosted.org/packages/71/f1/9f3f40a6f76b214cc5ea6ea7ddd45e0b5c8a3d01fbdc15957a814e22926e/playsound3-3.2.3-py3-none-any.whl", hash = "sha256:fa1f64ff047aa31add799d982d64c5b72461198f630f87cfa085ae011b4f26bd", size = 9057 },
]

[[package]]
name = "pywin32"
version = "310"
source = { registry = "https://pypi.org/simple" }
wheels = [
    { url = "https://files.pythonhosted.org/packages/1c/09/9c1b978ffc4ae53999e89c19c77ba882d9fce476729f23ef55211ea1c034/pywin32-310-cp313-cp313-win32.whl", hash = "sha256:5d241a659c496ada3253cd01cfaa779b048e90ce4b2b38cd44168ad555ce74ab", size = 8794384 },
    { url = "https://files.pythonhosted.org/packages/45/3c/b4640f740ffebadd5d34df35fecba0e1cfef8fde9f3e594df91c28ad9b50/pywin32-310-cp313-cp313-win_amd64.whl", hash = "sha256:667827eb3a90208ddbdcc9e860c81bde63a135710e21e4cb3348968e4bd5249e", size = 9503039 },
    { url = "https://files.pythonhosted.org/packages/b4/f4/f785020090fb050e7fb6d34b780f2231f302609dc964672f72bfaeb59a28/pywin32-310-cp313-cp313-win_arm64.whl", hash = "sha256:e308f831de771482b7cf692a1f308f8fca701b2d8f9dde6cc440c7da17e47b33", size = 8458152 },
]

[[package]]
name = "wacky-welcome-whatsit"
version = "0.1.0"
source = { virtual = "." }
dependencies = [
    { name = "playsound3" },
]

[package.metadata]
requires-dist = [{ name = "playsound3", specifier = ">=3.2.3" }]
